github.com/platenio/hugo-platen v0.0.0-20201221014220-e35726b3ef1d h1:7zJ3HY60+X5QV+wynZZ/00JU80qnsuoYDx57amVvU/4=
github.com/platenio/hugo-platen v0.0.0-20201221014220-e35726b3ef1d/go.mod h1:QPUdaSQ/C+k0/L83AtZYO6NhCpwz5kzpvvT6pyM5k28=
github.com/platenio/hugo-platen v0.0.0-20201223072405-dfb833a946e8 h1:z3+ZxKBPTrLylkQNJTWqd1eh0MLMGadr1dCkDRpLhss=
github.com/platenio/hugo-platen v0.0.0-20201223072405-dfb833a946e8/go.mod h1:QPUdaSQ/C+k0/L83AtZYO6NhCpwz5kzpvvT6pyM5k28=
